{
  "name": "run-chewy",
  "version": "1.0.0",
  "lockfileVersion": 2,
  "requires": true,
  "packages": {
    "": {
      "name": "run-chewy",
      "version": "1.0.0",
      "license": "ISC",
      "dependencies": {
        "@swc/core": "^1.2.197",
        "yargs": "^17.5.1"
      }
    },
    "node_modules/@swc/core": {
      "version": "1.2.203",
      "resolved": "https://registry.npmjs.org/@swc/core/-/core-1.2.203.tgz",
      "integrity": "sha512-GZXeITqg3YuXFPaSMYk3g9h9j+pIc5sjt4jS5VvFHk8wXUfk/tvP5GwOPmEyXmVJkvEDJPXLip6lqfeKlvNceA==",
      "bin": {
        "swcx": "run_swcx.js"
      },
      "engines": {
        "node": ">=10"
      },
      "funding": {
        "type": "opencollective",
        "url": "https://opencollective.com/swc"
      },
      "optionalDependencies": {
        "@swc/core-android-arm-eabi": "1.2.203",
        "@swc/core-android-arm64": "1.2.203",
        "@swc/core-darwin-arm64": "1.2.203",
        "@swc/core-darwin-x64": "1.2.203",
        "@swc/core-freebsd-x64": "1.2.203",
        "@swc/core-linux-arm-gnueabihf": "1.2.203",
        "@swc/core-linux-arm64-gnu": "1.2.203",
        "@swc/core-linux-arm64-musl": "1.2.203",
        "@swc/core-linux-x64-gnu": "1.2.203",
        "@swc/core-linux-x64-musl": "1.2.203",
        "@swc/core-win32-arm64-msvc": "1.2.203",
        "@swc/core-win32-ia32-msvc": "1.2.203",
        "@swc/core-win32-x64-msvc": "1.2.203"
      }
    },
    "node_modules/@swc/core-android-arm-eabi": {
      "version": "1.2.203",
      "resolved": "https://registry.npmjs.org/@swc/core-android-arm-eabi/-/core-android-arm-eabi-1.2.203.tgz",
      "integrity": "sha512-maKYooa0+h66Y/t81lJblimJYWAON1onMwczxe+uQs1FkcnGa/ixhnmRDXIM0wpivMu93EIq3teKR43nr2K/Yg==",
      "cpu": [
        "arm"
      ],
      "optional": true,
      "os": [
        "android"
      ],
      "engines": {
        "node": ">=10"
      }
    },
    "node_modules/@swc/core-android-arm64": {
      "version": "1.2.203",
      "resolved": "https://registry.npmjs.org/@swc/core-android-arm64/-/core-android-arm64-1.2.203.tgz",
      "integrity": "sha512-Zg57EuQa06cTNk2enort0/djXyEaYI0ectydZLPv4oj0ubjLGTZMDkuxPaYWSs9eHT1A6Ge8bwQCA7t/GLYGGA==",
      "cpu": [
        "arm64"
      ],
      "optional": true,
      "os": [
        "android"
      ],
      "engines": {
        "node": ">=10"
      }
    },
    "node_modules/@swc/core-darwin-arm64": {
      "version": "1.2.203",
      "resolved": "https://registry.npmjs.org/@swc/core-darwin-arm64/-/core-darwin-arm64-1.2.203.tgz",
      "integrity": "sha512-BVwIAhkMz58V6I+xLsVMeOKSORe8iaYnCHUZbgI0NfAqvUYBUqmwzt+Fww44wv3Ibxb4my1zk7BG02d7Ku94+A==",
      "cpu": [
        "arm64"
      ],
      "optional": true,
      "os": [
        "darwin"
      ],
      "engines": {
        "node": ">=10"
      }
    },
    "node_modules/@swc/core-darwin-x64": {
      "version": "1.2.203",
      "resolved": "https://registry.npmjs.org/@swc/core-darwin-x64/-/core-darwin-x64-1.2.203.tgz",
      "integrity": "sha512-Z9gwtHwv3jEntjVANYmhzVvIVkgbkWAsLGP2UBez2D8CgScx+5Gnb0C5qT4nwX0Q+YD42rdHp7M551ZqVOo2FQ==",
      "cpu": [
        "x64"
      ],
      "optional": true,
      "os": [
        "darwin"
      ],
      "engines": {
        "node": ">=10"
      }
    },
    "node_modules/@swc/core-freebsd-x64": {
      "version": "1.2.203",
      "resolved": "https://registry.npmjs.org/@swc/core-freebsd-x64/-/core-freebsd-x64-1.2.203.tgz",
      "integrity": "sha512-9aCC80BvU+IGqrmyY2r/3NRveOQg9BSCT+6N4esBKMLlTaDmuARSBON1TXjUF7HPUqzNB4ahri9HIx52wImXqQ==",
      "cpu": [
        "x64"
      ],
      "optional": true,
      "os": [
        "freebsd"
      ],
      "engines": {
        "node": ">=10"
      }
    },
    "node_modules/@swc/core-linux-arm-gnueabihf": {
      "version": "1.2.203",
      "resolved": "https://registry.npmjs.org/@swc/core-linux-arm-gnueabihf/-/core-linux-arm-gnueabihf-1.2.203.tgz",
      "integrity": "sha512-SoeXRqawk5aufUArS1s58prCAT24+p3lITh5Jv4dYk2PwGZpOHC7ADcVKq/55XayTxSafwXD9jObNTJzQ6moqw==",
      "cpu": [
        "arm"
      ],
      "optional": true,
      "os": [
        "linux"
      ],
      "engines": {
        "node": ">=10"
      }
    },
    "node_modules/@swc/core-linux-arm64-gnu": {
      "version": "1.2.203",
      "resolved": "https://registry.npmjs.org/@swc/core-linux-arm64-gnu/-/core-linux-arm64-gnu-1.2.203.tgz",
      "integrity": "sha512-bF8t8fd8MSx6qWgi1mYlyj1XYPWeGtGRVei1C1AcyXzcD34H0H37D6z2YBXfQrMhFED/s0oCPB2qvPh0j1jbjw==",
      "cpu": [
        "arm64"
      ],
      "optional": true,
      "os": [
        "linux"
      ],
      "engines": {
        "node": ">=10"
      }
    },
    "node_modules/@swc/core-linux-arm64-musl": {
      "version": "1.2.203",
      "resolved": "https://registry.npmjs.org/@swc/core-linux-arm64-musl/-/core-linux-arm64-musl-1.2.203.tgz",
      "integrity": "sha512-lFfPFgbEGhxsgL3PWRp4exzIlI3MuJWFFkiYqKMeDdHSUOdhtcQUCGw9D6Iat/1mCNxuTrDxQOBQBUhc9g6DoA==",
      "cpu": [
        "arm64"
      ],
      "optional": true,
      "os": [
        "linux"
      ],
      "engines": {
        "node": ">=10"
      }
    },
    "node_modules/@swc/core-linux-x64-gnu": {
      "version": "1.2.203",
      "resolved": "https://registry.npmjs.org/@swc/core-linux-x64-gnu/-/core-linux-x64-gnu-1.2.203.tgz",
      "integrity": "sha512-46ykzctv5W4PxeRE/brZyxWRSfdhJllCFUySRubhMLCuhs6VLtZzmWBefxPHTUDpBzmhX8kcaiKwwY2tqV0A9g==",
      "cpu": [
        "x64"
      ],
      "optional": true,
      "os": [
        "linux"
      ],
      "engines": {
        "node": ">=10"
      }
    },
    "node_modules/@swc/core-linux-x64-musl": {
      "version": "1.2.203",
      "resolved": "https://registry.npmjs.org/@swc/core-linux-x64-musl/-/core-linux-x64-musl-1.2.203.tgz",
      "integrity": "sha512-LXPlxppioO9d1kpqu8qJiLvyDYJmXO7vcbmtOuM3nCPQPdVDii7sx4JtbunOMs/sY2ilFUfF7f6oNf2RkRPu1Q==",
      "cpu": [
        "x64"
      ],
      "optional": true,
      "os": [
        "linux"
      ],
      "engines": {
        "node": ">=10"
      }
    },
    "node_modules/@swc/core-win32-arm64-msvc": {
      "version": "1.2.203",
      "resolved": "https://registry.npmjs.org/@swc/core-win32-arm64-msvc/-/core-win32-arm64-msvc-1.2.203.tgz",
      "integrity": "sha512-De9btHHbi6nTKSMaujAdpvM40XaEH1dTkKPK0H4JX+6WZYhOFYl0silvd6CIFewdnkKLdSVvTnfPubV+c0S8eA==",
      "cpu": [
        "arm64"
      ],
      "optional": true,
      "os": [
        "win32"
      ],
      "engines": {
        "node": ">=10"
      }
    },
    "node_modules/@swc/core-win32-ia32-msvc": {
      "version": "1.2.203",
      "resolved": "https://registry.npmjs.org/@swc/core-win32-ia32-msvc/-/core-win32-ia32-msvc-1.2.203.tgz",
      "integrity": "sha512-YwGOD22qbDZ+ByiPnLqQdbGVE8k61R/mx3bZOpQnK0hkg/W5ysUBOYwr9aflLcNMRJuKxzVrCmSGBHMJN5AjfA==",
      "cpu": [
        "ia32"
      ],
      "optional": true,
      "os": [
        "win32"
      ],
      "engines": {
        "node": ">=10"
      }
    },
    "node_modules/@swc/core-win32-x64-msvc": {
      "version": "1.2.203",
      "resolved": "https://registry.npmjs.org/@swc/core-win32-x64-msvc/-/core-win32-x64-msvc-1.2.203.tgz",
      "integrity": "sha512-LAlXKK7rl+sLAgyXxuzCkaYQdoG797O/sRFC6eMyb4/eDtSctmVSCQl5xefuH+cofuZCTSk4OgzqmdJ2Ue/Jmw==",
      "cpu": [
        "x64"
      ],
      "optional": true,
      "os": [
        "win32"
      ],
      "engines": {
        "node": ">=10"
      }
    },
    "node_modules/ansi-regex": {
      "version": "5.0.1",
      "resolved": "https://registry.npmjs.org/ansi-regex/-/ansi-regex-5.0.1.tgz",
      "integrity": "sha512-quJQXlTSUGL2LH9SUXo8VwsY4soanhgo6LNSm84E1LBcE8s3O0wpdiRzyR9z/ZZJMlMWv37qOOb9pdJlMUEKFQ==",
      "engines": {
        "node": ">=8"
      }
    },
    "node_modules/ansi-styles": {
      "version": "4.3.0",
      "resolved": "https://registry.npmjs.org/ansi-styles/-/ansi-styles-4.3.0.tgz",
      "integrity": "sha512-zbB9rCJAT1rbjiVDb2hqKFHNYLxgtk8NURxZ3IZwD3F6NtxbXZQCnnSi1Lkx+IDohdPlFp222wVALIheZJQSEg==",
      "dependencies": {
        "color-convert": "^2.0.1"
      },
      "engines": {
        "node": ">=8"
      },
      "funding": {
        "url": "https://github.com/chalk/ansi-styles?sponsor=1"
      }
    },
    "node_modules/cliui": {
      "version": "7.0.4",
      "resolved": "https://registry.npmjs.org/cliui/-/cliui-7.0.4.tgz",
      "integrity": "sha512-OcRE68cOsVMXp1Yvonl/fzkQOyjLSu/8bhPDfQt0e0/Eb283TKP20Fs2MqoPsr9SwA595rRCA+QMzYc9nBP+JQ==",
      "dependencies": {
        "string-width": "^4.2.0",
        "strip-ansi": "^6.0.0",
        "wrap-ansi": "^7.0.0"
      }
    },
    "node_modules/color-convert": {
      "version": "2.0.1",
      "resolved": "https://registry.npmjs.org/color-convert/-/color-convert-2.0.1.tgz",
      "integrity": "sha512-RRECPsj7iu/xb5oKYcsFHSppFNnsj/52OVTRKb4zP5onXwVF3zVmmToNcOfGC+CRDpfK/U584fMg38ZHCaElKQ==",
      "dependencies": {
        "color-name": "~1.1.4"
      },
      "engines": {
        "node": ">=7.0.0"
      }
    },
    "node_modules/color-name": {
      "version": "1.1.4",
      "resolved": "https://registry.npmjs.org/color-name/-/color-name-1.1.4.tgz",
      "integrity": "sha512-dOy+3AuW3a2wNbZHIuMZpTcgjGuLU/uBL/ubcZF9OXbDo8ff4O8yVp5Bf0efS8uEoYo5q4Fx7dY9OgQGXgAsQA=="
    },
    "node_modules/emoji-regex": {
      "version": "8.0.0",
      "resolved": "https://registry.npmjs.org/emoji-regex/-/emoji-regex-8.0.0.tgz",
      "integrity": "sha512-MSjYzcWNOA0ewAHpz0MxpYFvwg6yjy1NG3xteoqz644VCo/RPgnr1/GGt+ic3iJTzQ8Eu3TdM14SawnVUmGE6A=="
    },
    "node_modules/escalade": {
      "version": "3.1.1",
      "resolved": "https://registry.npmjs.org/escalade/-/escalade-3.1.1.tgz",
      "integrity": "sha512-k0er2gUkLf8O0zKJiAhmkTnJlTvINGv7ygDNPbeIsX/TJjGJZHuh9B2UxbsaEkmlEo9MfhrSzmhIlhRlI2GXnw==",
      "engines": {
        "node": ">=6"
      }
    },
    "node_modules/get-caller-file": {
      "version": "2.0.5",
      "resolved": "https://registry.npmjs.org/get-caller-file/-/get-caller-file-2.0.5.tgz",
      "integrity": "sha512-DyFP3BM/3YHTQOCUL/w0OZHR0lpKeGrxotcHWcqNEdnltqFwXVfhEBQ94eIo34AfQpo0rGki4cyIiftY06h2Fg==",
      "engines": {
        "node": "6.* || 8.* || >= 10.*"
      }
    },
    "node_modules/is-fullwidth-code-point": {
      "version": "3.0.0",
      "resolved": "https://registry.npmjs.org/is-fullwidth-code-point/-/is-fullwidth-code-point-3.0.0.tgz",
      "integrity": "sha512-zymm5+u+sCsSWyD9qNaejV3DFvhCKclKdizYaJUuHA83RLjb7nSuGnddCHGv0hk+KY7BMAlsWeK4Ueg6EV6XQg==",
      "engines": {
        "node": ">=8"
      }
    },
    "node_modules/require-directory": {
      "version": "2.1.1",
      "resolved": "https://registry.npmjs.org/require-directory/-/require-directory-2.1.1.tgz",
      "integrity": "sha512-fGxEI7+wsG9xrvdjsrlmL22OMTTiHRwAMroiEeMgq8gzoLC/PQr7RsRDSTLUg/bZAZtF+TVIkHc6/4RIKrui+Q==",
      "engines": {
        "node": ">=0.10.0"
      }
    },
    "node_modules/string-width": {
      "version": "4.2.3",
      "resolved": "https://registry.npmjs.org/string-width/-/string-width-4.2.3.tgz",
      "integrity": "sha512-wKyQRQpjJ0sIp62ErSZdGsjMJWsap5oRNihHhu6G7JVO/9jIB6UyevL+tXuOqrng8j/cxKTWyWUwvSTriiZz/g==",
      "dependencies": {
        "emoji-regex": "^8.0.0",
        "is-fullwidth-code-point": "^3.0.0",
        "strip-ansi": "^6.0.1"
      },
      "engines": {
        "node": ">=8"
      }
    },
    "node_modules/strip-ansi": {
      "version": "6.0.1",
      "resolved": "https://registry.npmjs.org/strip-ansi/-/strip-ansi-6.0.1.tgz",
      "integrity": "sha512-Y38VPSHcqkFrCpFnQ9vuSXmquuv5oXOKpGeT6aGrr3o3Gc9AlVa6JBfUSOCnbxGGZF+/0ooI7KrPuUSztUdU5A==",
      "dependencies": {
        "ansi-regex": "^5.0.1"
      },
      "engines": {
        "node": ">=8"
      }
    },
    "node_modules/wrap-ansi": {
      "version": "7.0.0",
      "resolved": "https://registry.npmjs.org/wrap-ansi/-/wrap-ansi-7.0.0.tgz",
      "integrity": "sha512-YVGIj2kamLSTxw6NsZjoBxfSwsn0ycdesmc4p+Q21c5zPuZ1pl+NfxVdxPtdHvmNVOQ6XSYG4AUtyt/Fi7D16Q==",
      "dependencies": {
        "ansi-styles": "^4.0.0",
        "string-width": "^4.1.0",
        "strip-ansi": "^6.0.0"
      },
      "engines": {
        "node": ">=10"
      },
      "funding": {
        "url": "https://github.com/chalk/wrap-ansi?sponsor=1"
      }
    },
    "node_modules/y18n": {
      "version": "5.0.8",
      "resolved": "https://registry.npmjs.org/y18n/-/y18n-5.0.8.tgz",
      "integrity": "sha512-0pfFzegeDWJHJIAmTLRP2DwHjdF5s7jo9tuztdQxAhINCdvS+3nGINqPd00AphqJR/0LhANUS6/+7SCb98YOfA==",
      "engines": {
        "node": ">=10"
      }
    },
    "node_modules/yargs": {
      "version": "17.5.1",
      "resolved": "https://registry.npmjs.org/yargs/-/yargs-17.5.1.tgz",
      "integrity": "sha512-t6YAJcxDkNX7NFYiVtKvWUz8l+PaKTLiL63mJYWR2GnHq2gjEWISzsLp9wg3aY36dY1j+gfIEL3pIF+XlJJfbA==",
      "dependencies": {
        "cliui": "^7.0.2",
        "escalade": "^3.1.1",
        "get-caller-file": "^2.0.5",
        "require-directory": "^2.1.1",
        "string-width": "^4.2.3",
        "y18n": "^5.0.5",
        "yargs-parser": "^21.0.0"
      },
      "engines": {
        "node": ">=12"
      }
    },
    "node_modules/yargs-parser": {
      "version": "21.0.1",
      "resolved": "https://registry.npmjs.org/yargs-parser/-/yargs-parser-21.0.1.tgz",
      "integrity": "sha512-9BK1jFpLzJROCI5TzwZL/TU4gqjK5xiHV/RfWLOahrjAko/e4DJkRDZQXfvqAsiZzzYhgAzbgz6lg48jcm4GLg==",
      "engines": {
        "node": ">=12"
      }
    }
  },
  "dependencies": {
    "@swc/core": {
      "version": "1.2.203",
      "resolved": "https://registry.npmjs.org/@swc/core/-/core-1.2.203.tgz",
      "integrity": "sha512-GZXeITqg3YuXFPaSMYk3g9h9j+pIc5sjt4jS5VvFHk8wXUfk/tvP5GwOPmEyXmVJkvEDJPXLip6lqfeKlvNceA==",
      "requires": {
        "@swc/core-android-arm-eabi": "1.2.203",
        "@swc/core-android-arm64": "1.2.203",
        "@swc/core-darwin-arm64": "1.2.203",
        "@swc/core-darwin-x64": "1.2.203",
        "@swc/core-freebsd-x64": "1.2.203",
        "@swc/core-linux-arm-gnueabihf": "1.2.203",
        "@swc/core-linux-arm64-gnu": "1.2.203",
        "@swc/core-linux-arm64-musl": "1.2.203",
        "@swc/core-linux-x64-gnu": "1.2.203",
        "@swc/core-linux-x64-musl": "1.2.203",
        "@swc/core-win32-arm64-msvc": "1.2.203",
        "@swc/core-win32-ia32-msvc": "1.2.203",
        "@swc/core-win32-x64-msvc": "1.2.203"
      }
    },
    "@swc/core-android-arm-eabi": {
      "version": "1.2.203",
      "resolved": "https://registry.npmjs.org/@swc/core-android-arm-eabi/-/core-android-arm-eabi-1.2.203.tgz",
      "integrity": "sha512-maKYooa0+h66Y/t81lJblimJYWAON1onMwczxe+uQs1FkcnGa/ixhnmRDXIM0wpivMu93EIq3teKR43nr2K/Yg==",
      "optional": true
    },
    "@swc/core-android-arm64": {
      "version": "1.2.203",
      "resolved": "https://registry.npmjs.org/@swc/core-android-arm64/-/core-android-arm64-1.2.203.tgz",
      "integrity": "sha512-Zg57EuQa06cTNk2enort0/djXyEaYI0ectydZLPv4oj0ubjLGTZMDkuxPaYWSs9eHT1A6Ge8bwQCA7t/GLYGGA==",
      "optional": true
    },
    "@swc/core-darwin-arm64": {
      "version": "1.2.203",
      "resolved": "https://registry.npmjs.org/@swc/core-darwin-arm64/-/core-darwin-arm64-1.2.203.tgz",
      "integrity": "sha512-BVwIAhkMz58V6I+xLsVMeOKSORe8iaYnCHUZbgI0NfAqvUYBUqmwzt+Fww44wv3Ibxb4my1zk7BG02d7Ku94+A==",
      "optional": true
    },
    "@swc/core-darwin-x64": {
      "version": "1.2.203",
      "resolved": "https://registry.npmjs.org/@swc/core-darwin-x64/-/core-darwin-x64-1.2.203.tgz",
      "integrity": "sha512-Z9gwtHwv3jEntjVANYmhzVvIVkgbkWAsLGP2UBez2D8CgScx+5Gnb0C5qT4nwX0Q+YD42rdHp7M551ZqVOo2FQ==",
      "optional": true
    },
    "@swc/core-freebsd-x64": {
      "version": "1.2.203",
      "resolved": "https://registry.npmjs.org/@swc/core-freebsd-x64/-/core-freebsd-x64-1.2.203.tgz",
      "integrity": "sha512-9aCC80BvU+IGqrmyY2r/3NRveOQg9BSCT+6N4esBKMLlTaDmuARSBON1TXjUF7HPUqzNB4ahri9HIx52wImXqQ==",
      "optional": true
    },
    "@swc/core-linux-arm-gnueabihf": {
      "version": "1.2.203",
      "resolved": "https://registry.npmjs.org/@swc/core-linux-arm-gnueabihf/-/core-linux-arm-gnueabihf-1.2.203.tgz",
      "integrity": "sha512-SoeXRqawk5aufUArS1s58prCAT24+p3lITh5Jv4dYk2PwGZpOHC7ADcVKq/55XayTxSafwXD9jObNTJzQ6moqw==",
      "optional": true
    },
    "@swc/core-linux-arm64-gnu": {
      "version": "1.2.203",
      "resolved": "https://registry.npmjs.org/@swc/core-linux-arm64-gnu/-/core-linux-arm64-gnu-1.2.203.tgz",
      "integrity": "sha512-bF8t8fd8MSx6qWgi1mYlyj1XYPWeGtGRVei1C1AcyXzcD34H0H37D6z2YBXfQrMhFED/s0oCPB2qvPh0j1jbjw==",
      "optional": true
    },
    "@swc/core-linux-arm64-musl": {
      "version": "1.2.203",
      "resolved": "https://registry.npmjs.org/@swc/core-linux-arm64-musl/-/core-linux-arm64-musl-1.2.203.tgz",
      "integrity": "sha512-lFfPFgbEGhxsgL3PWRp4exzIlI3MuJWFFkiYqKMeDdHSUOdhtcQUCGw9D6Iat/1mCNxuTrDxQOBQBUhc9g6DoA==",
      "optional": true
    },
    "@swc/core-linux-x64-gnu": {
      "version": "1.2.203",
      "resolved": "https://registry.npmjs.org/@swc/core-linux-x64-gnu/-/core-linux-x64-gnu-1.2.203.tgz",
      "integrity": "sha512-46ykzctv5W4PxeRE/brZyxWRSfdhJllCFUySRubhMLCuhs6VLtZzmWBefxPHTUDpBzmhX8kcaiKwwY2tqV0A9g==",
      "optional": true
    },
    "@swc/core-linux-x64-musl": {
      "version": "1.2.203",
      "resolved": "https://registry.npmjs.org/@swc/core-linux-x64-musl/-/core-linux-x64-musl-1.2.203.tgz",
      "integrity": "sha512-LXPlxppioO9d1kpqu8qJiLvyDYJmXO7vcbmtOuM3nCPQPdVDii7sx4JtbunOMs/sY2ilFUfF7f6oNf2RkRPu1Q==",
      "optional": true
    },
    "@swc/core-win32-arm64-msvc": {
      "version": "1.2.203",
      "resolved": "https://registry.npmjs.org/@swc/core-win32-arm64-msvc/-/core-win32-arm64-msvc-1.2.203.tgz",
      "integrity": "sha512-De9btHHbi6nTKSMaujAdpvM40XaEH1dTkKPK0H4JX+6WZYhOFYl0silvd6CIFewdnkKLdSVvTnfPubV+c0S8eA==",
      "optional": true
    },
    "@swc/core-win32-ia32-msvc": {
      "version": "1.2.203",
      "resolved": "https://registry.npmjs.org/@swc/core-win32-ia32-msvc/-/core-win32-ia32-msvc-1.2.203.tgz",
      "integrity": "sha512-YwGOD22qbDZ+ByiPnLqQdbGVE8k61R/mx3bZOpQnK0hkg/W5ysUBOYwr9aflLcNMRJuKxzVrCmSGBHMJN5AjfA==",
      "optional": true
    },
    "@swc/core-win32-x64-msvc": {
      "version": "1.2.203",
      "resolved": "https://registry.npmjs.org/@swc/core-win32-x64-msvc/-/core-win32-x64-msvc-1.2.203.tgz",
      "integrity": "sha512-LAlXKK7rl+sLAgyXxuzCkaYQdoG797O/sRFC6eMyb4/eDtSctmVSCQl5xefuH+cofuZCTSk4OgzqmdJ2Ue/Jmw==",
      "optional": true
    },
    "ansi-regex": {
      "version": "5.0.1",
      "resolved": "https://registry.npmjs.org/ansi-regex/-/ansi-regex-5.0.1.tgz",
      "integrity": "sha512-quJQXlTSUGL2LH9SUXo8VwsY4soanhgo6LNSm84E1LBcE8s3O0wpdiRzyR9z/ZZJMlMWv37qOOb9pdJlMUEKFQ=="
    },
    "ansi-styles": {
      "version": "4.3.0",
      "resolved": "https://registry.npmjs.org/ansi-styles/-/ansi-styles-4.3.0.tgz",
      "integrity": "sha512-zbB9rCJAT1rbjiVDb2hqKFHNYLxgtk8NURxZ3IZwD3F6NtxbXZQCnnSi1Lkx+IDohdPlFp222wVALIheZJQSEg==",
      "requires": {
        "color-convert": "^2.0.1"
      }
    },
    "cliui": {
      "version": "7.0.4",
      "resolved": "https://registry.npmjs.org/cliui/-/cliui-7.0.4.tgz",
      "integrity": "sha512-OcRE68cOsVMXp1Yvonl/fzkQOyjLSu/8bhPDfQt0e0/Eb283TKP20Fs2MqoPsr9SwA595rRCA+QMzYc9nBP+JQ==",
      "requires": {
        "string-width": "^4.2.0",
        "strip-ansi": "^6.0.0",
        "wrap-ansi": "^7.0.0"
      }
    },
    "color-convert": {
      "version": "2.0.1",
      "resolved": "https://registry.npmjs.org/color-convert/-/color-convert-2.0.1.tgz",
      "integrity": "sha512-RRECPsj7iu/xb5oKYcsFHSppFNnsj/52OVTRKb4zP5onXwVF3zVmmToNcOfGC+CRDpfK/U584fMg38ZHCaElKQ==",
      "requires": {
        "color-name": "~1.1.4"
      }
    },
    "color-name": {
      "version": "1.1.4",
      "resolved": "https://registry.npmjs.org/color-name/-/color-name-1.1.4.tgz",
      "integrity": "sha512-dOy+3AuW3a2wNbZHIuMZpTcgjGuLU/uBL/ubcZF9OXbDo8ff4O8yVp5Bf0efS8uEoYo5q4Fx7dY9OgQGXgAsQA=="
    },
    "emoji-regex": {
      "version": "8.0.0",
      "resolved": "https://registry.npmjs.org/emoji-regex/-/emoji-regex-8.0.0.tgz",
      "integrity": "sha512-MSjYzcWNOA0ewAHpz0MxpYFvwg6yjy1NG3xteoqz644VCo/RPgnr1/GGt+ic3iJTzQ8Eu3TdM14SawnVUmGE6A=="
    },
    "escalade": {
      "version": "3.1.1",
      "resolved": "https://registry.npmjs.org/escalade/-/escalade-3.1.1.tgz",
      "integrity": "sha512-k0er2gUkLf8O0zKJiAhmkTnJlTvINGv7ygDNPbeIsX/TJjGJZHuh9B2UxbsaEkmlEo9MfhrSzmhIlhRlI2GXnw=="
    },
    "get-caller-file": {
      "version": "2.0.5",
      "resolved": "https://registry.npmjs.org/get-caller-file/-/get-caller-file-2.0.5.tgz",
      "integrity": "sha512-DyFP3BM/3YHTQOCUL/w0OZHR0lpKeGrxotcHWcqNEdnltqFwXVfhEBQ94eIo34AfQpo0rGki4cyIiftY06h2Fg=="
    },
    "is-fullwidth-code-point": {
      "version": "3.0.0",
      "resolved": "https://registry.npmjs.org/is-fullwidth-code-point/-/is-fullwidth-code-point-3.0.0.tgz",
      "integrity": "sha512-zymm5+u+sCsSWyD9qNaejV3DFvhCKclKdizYaJUuHA83RLjb7nSuGnddCHGv0hk+KY7BMAlsWeK4Ueg6EV6XQg=="
    },
    "require-directory": {
      "version": "2.1.1",
      "resolved": "https://registry.npmjs.org/require-directory/-/require-directory-2.1.1.tgz",
      "integrity": "sha512-fGxEI7+wsG9xrvdjsrlmL22OMTTiHRwAMroiEeMgq8gzoLC/PQr7RsRDSTLUg/bZAZtF+TVIkHc6/4RIKrui+Q=="
    },
    "string-width": {
      "version": "4.2.3",
      "resolved": "https://registry.npmjs.org/string-width/-/string-width-4.2.3.tgz",
      "integrity": "sha512-wKyQRQpjJ0sIp62ErSZdGsjMJWsap5oRNihHhu6G7JVO/9jIB6UyevL+tXuOqrng8j/cxKTWyWUwvSTriiZz/g==",
      "requires": {
        "emoji-regex": "^8.0.0",
        "is-fullwidth-code-point": "^3.0.0",
        "strip-ansi": "^6.0.1"
      }
    },
    "strip-ansi": {
      "version": "6.0.1",
      "resolved": "https://registry.npmjs.org/strip-ansi/-/strip-ansi-6.0.1.tgz",
      "integrity": "sha512-Y38VPSHcqkFrCpFnQ9vuSXmquuv5oXOKpGeT6aGrr3o3Gc9AlVa6JBfUSOCnbxGGZF+/0ooI7KrPuUSztUdU5A==",
      "requires": {
        "ansi-regex": "^5.0.1"
      }
    },
    "wrap-ansi": {
      "version": "7.0.0",
      "resolved": "https://registry.npmjs.org/wrap-ansi/-/wrap-ansi-7.0.0.tgz",
      "integrity": "sha512-YVGIj2kamLSTxw6NsZjoBxfSwsn0ycdesmc4p+Q21c5zPuZ1pl+NfxVdxPtdHvmNVOQ6XSYG4AUtyt/Fi7D16Q==",
      "requires": {
        "ansi-styles": "^4.0.0",
        "string-width": "^4.1.0",
        "strip-ansi": "^6.0.0"
      }
    },
    "y18n": {
      "version": "5.0.8",
      "resolved": "https://registry.npmjs.org/y18n/-/y18n-5.0.8.tgz",
      "integrity": "sha512-0pfFzegeDWJHJIAmTLRP2DwHjdF5s7jo9tuztdQxAhINCdvS+3nGINqPd00AphqJR/0LhANUS6/+7SCb98YOfA=="
    },
    "yargs": {
      "version": "17.5.1",
      "resolved": "https://registry.npmjs.org/yargs/-/yargs-17.5.1.tgz",
      "integrity": "sha512-t6YAJcxDkNX7NFYiVtKvWUz8l+PaKTLiL63mJYWR2GnHq2gjEWISzsLp9wg3aY36dY1j+gfIEL3pIF+XlJJfbA==",
      "requires": {
        "cliui": "^7.0.2",
        "escalade": "^3.1.1",
        "get-caller-file": "^2.0.5",
        "require-directory": "^2.1.1",
        "string-width": "^4.2.3",
        "y18n": "^5.0.5",
        "yargs-parser": "^21.0.0"
      }
    },
    "yargs-parser": {
      "version": "21.0.1",
      "resolved": "https://registry.npmjs.org/yargs-parser/-/yargs-parser-21.0.1.tgz",
      "integrity": "sha512-9BK1jFpLzJROCI5TzwZL/TU4gqjK5xiHV/RfWLOahrjAko/e4DJkRDZQXfvqAsiZzzYhgAzbgz6lg48jcm4GLg=="
    }
  }
}
